
Microsoft Visual Studio Solution File, Format Version 12.00
# Visual Studio Version 17
VisualStudioVersion = 17.1.32414.318
MinimumVisualStudioVersion = 10.0.40219.1
Project("{FAE04EC0-301F-11D3-BF4B-00C04F79EFBC}") = "The game of doom", "The game of doom\The game of doom.csproj", "{9FAF0649-C3E0-4636-97F6-A054014B3784}"
EndProject
Project("{8BC9CEB8-8B4A-11D0-8D11-00A0C91BC942}") = "cpp", "cpp\cpp.vcxproj", "{AA8A1A1C-AD5A-44C2-9C80-8233723B787D}"
EndProject
Global
	GlobalSection(SolutionConfigurationPlatforms) = preSolution
		Debug|Any CPU = Debug|Any CPU
		Release|Any CPU = Release|Any CPU
	EndGlobalSection
	GlobalSection(ProjectConfigurationPlatforms) = postSolution
		{9FAF0649-C3E0-4636-97F6-A054014B3784}.Debug|Any CPU.ActiveCfg = Debug|Any CPU
		{9FAF0649-C3E0-4636-97F6-A054014B3784}.Debug|Any CPU.Build.0 = Debug|Any CPU
		{9FAF0649-C3E0-4636-97F6-A054014B3784}.Release|Any CPU.ActiveCfg = Release|Any CPU
		{9FAF0649-C3E0-4636-97F6-A054014B3784}.Release|Any CPU.Build.0 = Release|Any CPU
		{AA8A1A1C-AD5A-44C2-9C80-8233723B787D}.Debug|Any CPU.ActiveCfg = Debug|x64
		{AA8A1A1C-AD5A-44C2-9C80-8233723B787D}.Debug|Any CPU.Build.0 = Debug|x64
		{AA8A1A1C-AD5A-44C2-9C80-8233723B787D}.Release|Any CPU.ActiveCfg = Release|x64
		{AA8A1A1C-AD5A-44C2-9C80-8233723B787D}.Release|Any CPU.Build.0 = Release|x64
	EndGlobalSection
	GlobalSection(SolutionProperties) = preSolution
		HideSolutionNode = FALSE
	EndGlobalSection
	GlobalSection(ExtensibilityGlobals) = postSolution
		SolutionGuid = {82DD8EFE-748D-476B-B95C-8DB9552ABFCB}
	EndGlobalSection
EndGlobal
